
Microsoft Visual Studio Solution File, Format Version 12.00
# Visual Studio Version 17
VisualStudioVersion = 17.5.33530.505
MinimumVisualStudioVersion = 10.0.40219.1
Project("{FAE04EC0-301F-11D3-BF4B-00C04F79EFBC}") = "API", "API\API.csproj", "{03D21832-ECC2-4077-851B-D6630D65FBE5}"
EndProject
Global
	GlobalSection(SolutionConfigurationPlatforms) = preSolution
		Debug|Any CPU = Debug|Any CPU
		Release|Any CPU = Release|Any CPU
	EndGlobalSection
	GlobalSection(ProjectConfigurationPlatforms) = postSolution
		{03D21832-ECC2-4077-851B-D6630D65FBE5}.Debug|Any CPU.ActiveCfg = Debug|Any CPU
		{03D21832-ECC2-4077-851B-D6630D65FBE5}.Debug|Any CPU.Build.0 = Debug|Any CPU
		{03D21832-ECC2-4077-851B-D6630D65FBE5}.Release|Any CPU.ActiveCfg = Release|Any CPU
		{03D21832-ECC2-4077-851B-D6630D65FBE5}.Release|Any CPU.Build.0 = Release|Any CPU
	EndGlobalSection
	GlobalSection(SolutionProperties) = preSolution
		HideSolutionNode = FALSE
	EndGlobalSection
	GlobalSection(ExtensibilityGlobals) = postSolution
		SolutionGuid = {6D6A0CB2-9D81-4295-B2F3-1003EDE70284}
	EndGlobalSection
EndGlobal
